
Microsoft Visual Studio Solution File, Format Version 12.00
# Visual Studio Version 17
VisualStudioVersion = 17.5.33424.131
MinimumVisualStudioVersion = 10.0.40219.1
Project("{FAE04EC0-301F-11D3-BF4B-00C04F79EFBC}") = "tpmodul9_1302210134", "tpmodul9_1302210134\tpmodul9_1302210134.csproj", "{735CE54F-7390-4531-9073-F02BCBF53EF9}"
EndProject
Global
	GlobalSection(SolutionConfigurationPlatforms) = preSolution
		Debug|Any CPU = Debug|Any CPU
		Release|Any CPU = Release|Any CPU
	EndGlobalSection
	GlobalSection(ProjectConfigurationPlatforms) = postSolution
		{735CE54F-7390-4531-9073-F02BCBF53EF9}.Debug|Any CPU.ActiveCfg = Debug|Any CPU
		{735CE54F-7390-4531-9073-F02BCBF53EF9}.Debug|Any CPU.Build.0 = Debug|Any CPU
		{735CE54F-7390-4531-9073-F02BCBF53EF9}.Release|Any CPU.ActiveCfg = Release|Any CPU
		{735CE54F-7390-4531-9073-F02BCBF53EF9}.Release|Any CPU.Build.0 = Release|Any CPU
	EndGlobalSection
	GlobalSection(SolutionProperties) = preSolution
		HideSolutionNode = FALSE
	EndGlobalSection
	GlobalSection(ExtensibilityGlobals) = postSolution
		SolutionGuid = {4735D2CF-6F73-4CE2-A406-C3108E3DB07F}
	EndGlobalSection
EndGlobal
